
Microsoft Visual Studio Solution File, Format Version 12.00
# Visual Studio Version 17
VisualStudioVersion = 17.7.34024.191
MinimumVisualStudioVersion = 10.0.40219.1
Project("{9A19103F-16F7-4668-BE54-9A1E7A4F7556}") = "ProductCatalogService", "ProductCatalogService\ProductCatalogService.csproj", "{74404ACE-91E0-412A-9AB4-EFD8309D68B8}"
EndProject
Project("{2150E333-8FDC-42A3-9474-1A3956D46DE8}") = "DataAccess", "DataAccess", "{7240A69D-0C06-4E7A-A33D-B0026E70C845}"
EndProject
Project("{2150E333-8FDC-42A3-9474-1A3956D46DE8}") = "Application", "Application", "{208A8628-5CAB-4D7F-B249-8EDF36392A41}"
EndProject
Project("{9A19103F-16F7-4668-BE54-9A1E7A4F7556}") = "EntityModel", "EntityModel\EntityModel.csproj", "{FF0E5921-5103-42D6-8149-CE7D5420AE01}"
EndProject
Project("{9A19103F-16F7-4668-BE54-9A1E7A4F7556}") = "PersistanceModel.MongoDB", "PersistanceModel.MongoDB\PersistanceModel.MongoDB.csproj", "{21C248E2-2D7E-4D9D-96DA-D89B9E4BC296}"
EndProject
Project("{2150E333-8FDC-42A3-9474-1A3956D46DE8}") = "Infrastracture", "Infrastracture", "{2A5663A3-5C81-49AE-8095-A449A466DBED}"
EndProject
Project("{9A19103F-16F7-4668-BE54-9A1E7A4F7556}") = "Infrastructure.PersistenceModel.MongoDB", "Infrastructure.PersistenceModel.MongoDB\Infrastructure.PersistenceModel.MongoDB.csproj", "{19A5308D-7698-4056-A5F0-BBFAF9E991EA}"
EndProject
Project("{9A19103F-16F7-4668-BE54-9A1E7A4F7556}") = "ApplicationModel", "ApplicationModel\ApplicationModel.csproj", "{4248C1DB-D959-4C1F-9F6C-8C27AFEEAB33}"
EndProject
Project("{9A19103F-16F7-4668-BE54-9A1E7A4F7556}") = "Infrastructure.EntityModel", "Infrastructure.EntityModel\Infrastructure.EntityModel.csproj", "{4E7A883C-4CFB-4000-B5A8-C75BA06F4FFB}"
EndProject
Project("{2150E333-8FDC-42A3-9474-1A3956D46DE8}") = "Tests", "Tests", "{91AFC0A5-D0BE-42E4-85E5-59808F8F5ACE}"
EndProject
Project("{9A19103F-16F7-4668-BE54-9A1E7A4F7556}") = "DataAccess.PersistenceModel.UnitTests", "DataAccess.PersistenceModel.UnitTests\DataAccess.PersistenceModel.UnitTests.csproj", "{5F7DAE26-6D91-4CC3-94B7-4279FAC29104}"
EndProject
Project("{2150E333-8FDC-42A3-9474-1A3956D46DE8}") = "Domain", "Domain", "{B45C848E-0337-41A2-8D00-B1E5F823051D}"
EndProject
Project("{9A19103F-16F7-4668-BE54-9A1E7A4F7556}") = "DomainModel", "DomainModel\DomainModel.csproj", "{8447081A-5BB8-418D-9E56-560608B61D35}"
EndProject
Project("{9A19103F-16F7-4668-BE54-9A1E7A4F7556}") = "DomainModel.Impl", "DomainModel.Impl\DomainModel.Impl.csproj", "{7A20EADB-7DF1-4700-B7B8-2822DE8D101F}"
EndProject
Project("{2150E333-8FDC-42A3-9474-1A3956D46DE8}") = "Core", "Core", "{91F5F3BA-4866-4FE0-BAE7-68F2A6795DD2}"
EndProject
Project("{9A19103F-16F7-4668-BE54-9A1E7A4F7556}") = "Core", "Core\Core.csproj", "{6AB697F2-B3E4-4B03-AD93-8B811842CCDB}"
EndProject
Project("{E53339B2-1760-4266-BCC7-CA923CBCF16C}") = "docker-compose", "docker-compose.dcproj", "{16505CDF-5BF9-4DDF-A7F8-1BFE2320E82A}"
EndProject
Global
	GlobalSection(SolutionConfigurationPlatforms) = preSolution
		Debug|Any CPU = Debug|Any CPU
		Release|Any CPU = Release|Any CPU
	EndGlobalSection
	GlobalSection(ProjectConfigurationPlatforms) = postSolution
		{74404ACE-91E0-412A-9AB4-EFD8309D68B8}.Debug|Any CPU.ActiveCfg = Debug|Any CPU
		{74404ACE-91E0-412A-9AB4-EFD8309D68B8}.Debug|Any CPU.Build.0 = Debug|Any CPU
		{74404ACE-91E0-412A-9AB4-EFD8309D68B8}.Release|Any CPU.ActiveCfg = Release|Any CPU
		{74404ACE-91E0-412A-9AB4-EFD8309D68B8}.Release|Any CPU.Build.0 = Release|Any CPU
		{FF0E5921-5103-42D6-8149-CE7D5420AE01}.Debug|Any CPU.ActiveCfg = Debug|Any CPU
		{FF0E5921-5103-42D6-8149-CE7D5420AE01}.Debug|Any CPU.Build.0 = Debug|Any CPU
		{FF0E5921-5103-42D6-8149-CE7D5420AE01}.Release|Any CPU.ActiveCfg = Release|Any CPU
		{FF0E5921-5103-42D6-8149-CE7D5420AE01}.Release|Any CPU.Build.0 = Release|Any CPU
		{21C248E2-2D7E-4D9D-96DA-D89B9E4BC296}.Debug|Any CPU.ActiveCfg = Debug|Any CPU
		{21C248E2-2D7E-4D9D-96DA-D89B9E4BC296}.Debug|Any CPU.Build.0 = Debug|Any CPU
		{21C248E2-2D7E-4D9D-96DA-D89B9E4BC296}.Release|Any CPU.ActiveCfg = Release|Any CPU
		{21C248E2-2D7E-4D9D-96DA-D89B9E4BC296}.Release|Any CPU.Build.0 = Release|Any CPU
		{19A5308D-7698-4056-A5F0-BBFAF9E991EA}.Debug|Any CPU.ActiveCfg = Debug|Any CPU
		{19A5308D-7698-4056-A5F0-BBFAF9E991EA}.Debug|Any CPU.Build.0 = Debug|Any CPU
		{19A5308D-7698-4056-A5F0-BBFAF9E991EA}.Release|Any CPU.ActiveCfg = Release|Any CPU
		{19A5308D-7698-4056-A5F0-BBFAF9E991EA}.Release|Any CPU.Build.0 = Release|Any CPU
		{4248C1DB-D959-4C1F-9F6C-8C27AFEEAB33}.Debug|Any CPU.ActiveCfg = Debug|Any CPU
		{4248C1DB-D959-4C1F-9F6C-8C27AFEEAB33}.Debug|Any CPU.Build.0 = Debug|Any CPU
		{4248C1DB-D959-4C1F-9F6C-8C27AFEEAB33}.Release|Any CPU.ActiveCfg = Release|Any CPU
		{4248C1DB-D959-4C1F-9F6C-8C27AFEEAB33}.Release|Any CPU.Build.0 = Release|Any CPU
		{4E7A883C-4CFB-4000-B5A8-C75BA06F4FFB}.Debug|Any CPU.ActiveCfg = Debug|Any CPU
		{4E7A883C-4CFB-4000-B5A8-C75BA06F4FFB}.Debug|Any CPU.Build.0 = Debug|Any CPU
		{4E7A883C-4CFB-4000-B5A8-C75BA06F4FFB}.Release|Any CPU.ActiveCfg = Release|Any CPU
		{4E7A883C-4CFB-4000-B5A8-C75BA06F4FFB}.Release|Any CPU.Build.0 = Release|Any CPU
		{5F7DAE26-6D91-4CC3-94B7-4279FAC29104}.Debug|Any CPU.ActiveCfg = Debug|Any CPU
		{5F7DAE26-6D91-4CC3-94B7-4279FAC29104}.Debug|Any CPU.Build.0 = Debug|Any CPU
		{5F7DAE26-6D91-4CC3-94B7-4279FAC29104}.Release|Any CPU.ActiveCfg = Release|Any CPU
		{5F7DAE26-6D91-4CC3-94B7-4279FAC29104}.Release|Any CPU.Build.0 = Release|Any CPU
		{8447081A-5BB8-418D-9E56-560608B61D35}.Debug|Any CPU.ActiveCfg = Debug|Any CPU
		{8447081A-5BB8-418D-9E56-560608B61D35}.Debug|Any CPU.Build.0 = Debug|Any CPU
		{8447081A-5BB8-418D-9E56-560608B61D35}.Release|Any CPU.ActiveCfg = Release|Any CPU
		{8447081A-5BB8-418D-9E56-560608B61D35}.Release|Any CPU.Build.0 = Release|Any CPU
		{7A20EADB-7DF1-4700-B7B8-2822DE8D101F}.Debug|Any CPU.ActiveCfg = Debug|Any CPU
		{7A20EADB-7DF1-4700-B7B8-2822DE8D101F}.Debug|Any CPU.Build.0 = Debug|Any CPU
		{7A20EADB-7DF1-4700-B7B8-2822DE8D101F}.Release|Any CPU.ActiveCfg = Release|Any CPU
		{7A20EADB-7DF1-4700-B7B8-2822DE8D101F}.Release|Any CPU.Build.0 = Release|Any CPU
		{6AB697F2-B3E4-4B03-AD93-8B811842CCDB}.Debug|Any CPU.ActiveCfg = Debug|Any CPU
		{6AB697F2-B3E4-4B03-AD93-8B811842CCDB}.Debug|Any CPU.Build.0 = Debug|Any CPU
		{6AB697F2-B3E4-4B03-AD93-8B811842CCDB}.Release|Any CPU.ActiveCfg = Release|Any CPU
		{6AB697F2-B3E4-4B03-AD93-8B811842CCDB}.Release|Any CPU.Build.0 = Release|Any CPU
		{16505CDF-5BF9-4DDF-A7F8-1BFE2320E82A}.Debug|Any CPU.ActiveCfg = Debug|Any CPU
		{16505CDF-5BF9-4DDF-A7F8-1BFE2320E82A}.Debug|Any CPU.Build.0 = Debug|Any CPU
		{16505CDF-5BF9-4DDF-A7F8-1BFE2320E82A}.Release|Any CPU.ActiveCfg = Release|Any CPU
		{16505CDF-5BF9-4DDF-A7F8-1BFE2320E82A}.Release|Any CPU.Build.0 = Release|Any CPU
	EndGlobalSection
	GlobalSection(SolutionProperties) = preSolution
		HideSolutionNode = FALSE
	EndGlobalSection
	GlobalSection(NestedProjects) = preSolution
		{74404ACE-91E0-412A-9AB4-EFD8309D68B8} = {208A8628-5CAB-4D7F-B249-8EDF36392A41}
		{FF0E5921-5103-42D6-8149-CE7D5420AE01} = {7240A69D-0C06-4E7A-A33D-B0026E70C845}
		{21C248E2-2D7E-4D9D-96DA-D89B9E4BC296} = {7240A69D-0C06-4E7A-A33D-B0026E70C845}
		{19A5308D-7698-4056-A5F0-BBFAF9E991EA} = {2A5663A3-5C81-49AE-8095-A449A466DBED}
		{4248C1DB-D959-4C1F-9F6C-8C27AFEEAB33} = {208A8628-5CAB-4D7F-B249-8EDF36392A41}
		{4E7A883C-4CFB-4000-B5A8-C75BA06F4FFB} = {2A5663A3-5C81-49AE-8095-A449A466DBED}
		{5F7DAE26-6D91-4CC3-94B7-4279FAC29104} = {91AFC0A5-D0BE-42E4-85E5-59808F8F5ACE}
		{8447081A-5BB8-418D-9E56-560608B61D35} = {B45C848E-0337-41A2-8D00-B1E5F823051D}
		{7A20EADB-7DF1-4700-B7B8-2822DE8D101F} = {B45C848E-0337-41A2-8D00-B1E5F823051D}
		{6AB697F2-B3E4-4B03-AD93-8B811842CCDB} = {91F5F3BA-4866-4FE0-BAE7-68F2A6795DD2}
	EndGlobalSection
	GlobalSection(ExtensibilityGlobals) = postSolution
		SolutionGuid = {191A8D4C-1600-42AB-9849-3644F8BE687A}
	EndGlobalSection
EndGlobal
